
Microsoft Visual Studio Solution File, Format Version 12.00
# Visual Studio Version 16
VisualStudioVersion = 16.0.31702.278
MinimumVisualStudioVersion = 10.0.40219.1
Project("{9A19103F-16F7-4668-BE54-9A1E7A4F7556}") = "NHibernateAttributesMapper", "NHibernateMapper\NHibernateAttributesMapper.csproj", "{B6B70429-F2C4-48AA-A8E0-50B7309FC21F}"
EndProject
Global
	GlobalSection(SolutionConfigurationPlatforms) = preSolution
		Debug|Any CPU = Debug|Any CPU
		Release|Any CPU = Release|Any CPU
	EndGlobalSection
	GlobalSection(ProjectConfigurationPlatforms) = postSolution
		{B6B70429-F2C4-48AA-A8E0-50B7309FC21F}.Debug|Any CPU.ActiveCfg = Debug|Any CPU
		{B6B70429-F2C4-48AA-A8E0-50B7309FC21F}.Debug|Any CPU.Build.0 = Debug|Any CPU
		{B6B70429-F2C4-48AA-A8E0-50B7309FC21F}.Release|Any CPU.ActiveCfg = Release|Any CPU
		{B6B70429-F2C4-48AA-A8E0-50B7309FC21F}.Release|Any CPU.Build.0 = Release|Any CPU
	EndGlobalSection
	GlobalSection(SolutionProperties) = preSolution
		HideSolutionNode = FALSE
	EndGlobalSection
	GlobalSection(ExtensibilityGlobals) = postSolution
		SolutionGuid = {E10FAD60-1ABF-44EE-B04D-928ECD328D47}
	EndGlobalSection
EndGlobal
